
Microsoft Visual Studio Solution File, Format Version 12.00
# Visual Studio Version 16
VisualStudioVersion = 16.0.30503.244
MinimumVisualStudioVersion = 10.0.40219.1
Project("{FAE04EC0-301F-11D3-BF4B-00C04F79EFBC}") = "lab_1.1_OOP", "lab_1.1_OOP\lab_1.1_OOP.csproj", "{4D5A6362-6028-4812-A33D-EA06FDD59E8F}"
EndProject
Global
	GlobalSection(SolutionConfigurationPlatforms) = preSolution
		Debug|Any CPU = Debug|Any CPU
		Release|Any CPU = Release|Any CPU
	EndGlobalSection
	GlobalSection(ProjectConfigurationPlatforms) = postSolution
		{4D5A6362-6028-4812-A33D-EA06FDD59E8F}.Debug|Any CPU.ActiveCfg = Debug|Any CPU
		{4D5A6362-6028-4812-A33D-EA06FDD59E8F}.Debug|Any CPU.Build.0 = Debug|Any CPU
		{4D5A6362-6028-4812-A33D-EA06FDD59E8F}.Release|Any CPU.ActiveCfg = Release|Any CPU
		{4D5A6362-6028-4812-A33D-EA06FDD59E8F}.Release|Any CPU.Build.0 = Release|Any CPU
	EndGlobalSection
	GlobalSection(SolutionProperties) = preSolution
		HideSolutionNode = FALSE
	EndGlobalSection
	GlobalSection(ExtensibilityGlobals) = postSolution
		SolutionGuid = {4E49B9BD-F1D2-421C-8C9E-87B15A92C0CB}
	EndGlobalSection
EndGlobal
