
Microsoft Visual Studio Solution File, Format Version 12.00
# Visual Studio Version 16
VisualStudioVersion = 16.0.30503.244
MinimumVisualStudioVersion = 10.0.40219.1
Project("{FAE04EC0-301F-11D3-BF4B-00C04F79EFBC}") = "lab_2.1_OOP", "lab_2.1_OOP\lab_2.1_OOP.csproj", "{531720D6-19BE-43B9-A1D4-990B84F9F663}"
EndProject
Global
	GlobalSection(SolutionConfigurationPlatforms) = preSolution
		Debug|Any CPU = Debug|Any CPU
		Release|Any CPU = Release|Any CPU
	EndGlobalSection
	GlobalSection(ProjectConfigurationPlatforms) = postSolution
		{531720D6-19BE-43B9-A1D4-990B84F9F663}.Debug|Any CPU.ActiveCfg = Debug|Any CPU
		{531720D6-19BE-43B9-A1D4-990B84F9F663}.Debug|Any CPU.Build.0 = Debug|Any CPU
		{531720D6-19BE-43B9-A1D4-990B84F9F663}.Release|Any CPU.ActiveCfg = Release|Any CPU
		{531720D6-19BE-43B9-A1D4-990B84F9F663}.Release|Any CPU.Build.0 = Release|Any CPU
	EndGlobalSection
	GlobalSection(SolutionProperties) = preSolution
		HideSolutionNode = FALSE
	EndGlobalSection
	GlobalSection(ExtensibilityGlobals) = postSolution
		SolutionGuid = {B24806BC-0308-4DC7-BBD4-742D77639495}
	EndGlobalSection
EndGlobal
