
Microsoft Visual Studio Solution File, Format Version 12.00
# Visual Studio Version 16
VisualStudioVersion = 16.0.30503.244
MinimumVisualStudioVersion = 10.0.40219.1
Project("{FAE04EC0-301F-11D3-BF4B-00C04F79EFBC}") = "lab_9.3_OOP", "lab_9.3_OOP\lab_9.3_OOP.csproj", "{DD0DD92E-7E5B-4290-8C84-813C50E3EC4B}"
EndProject
Global
	GlobalSection(SolutionConfigurationPlatforms) = preSolution
		Debug|Any CPU = Debug|Any CPU
		Release|Any CPU = Release|Any CPU
	EndGlobalSection
	GlobalSection(ProjectConfigurationPlatforms) = postSolution
		{DD0DD92E-7E5B-4290-8C84-813C50E3EC4B}.Debug|Any CPU.ActiveCfg = Debug|Any CPU
		{DD0DD92E-7E5B-4290-8C84-813C50E3EC4B}.Debug|Any CPU.Build.0 = Debug|Any CPU
		{DD0DD92E-7E5B-4290-8C84-813C50E3EC4B}.Release|Any CPU.ActiveCfg = Release|Any CPU
		{DD0DD92E-7E5B-4290-8C84-813C50E3EC4B}.Release|Any CPU.Build.0 = Release|Any CPU
	EndGlobalSection
	GlobalSection(SolutionProperties) = preSolution
		HideSolutionNode = FALSE
	EndGlobalSection
	GlobalSection(ExtensibilityGlobals) = postSolution
		SolutionGuid = {C74BFAB9-0A60-4494-BF25-BB19CE0D84F7}
	EndGlobalSection
EndGlobal
