
Microsoft Visual Studio Solution File, Format Version 12.00
# Visual Studio Version 16
VisualStudioVersion = 16.0.30503.244
MinimumVisualStudioVersion = 10.0.40219.1
Project("{FAE04EC0-301F-11D3-BF4B-00C04F79EFBC}") = "lab_5_OOP", "lab_5_OOP\lab_5_OOP.csproj", "{9740178C-249E-4FE0-8058-D7693F1EC434}"
EndProject
Global
	GlobalSection(SolutionConfigurationPlatforms) = preSolution
		Debug|Any CPU = Debug|Any CPU
		Release|Any CPU = Release|Any CPU
	EndGlobalSection
	GlobalSection(ProjectConfigurationPlatforms) = postSolution
		{9740178C-249E-4FE0-8058-D7693F1EC434}.Debug|Any CPU.ActiveCfg = Debug|Any CPU
		{9740178C-249E-4FE0-8058-D7693F1EC434}.Debug|Any CPU.Build.0 = Debug|Any CPU
		{9740178C-249E-4FE0-8058-D7693F1EC434}.Release|Any CPU.ActiveCfg = Release|Any CPU
		{9740178C-249E-4FE0-8058-D7693F1EC434}.Release|Any CPU.Build.0 = Release|Any CPU
	EndGlobalSection
	GlobalSection(SolutionProperties) = preSolution
		HideSolutionNode = FALSE
	EndGlobalSection
	GlobalSection(ExtensibilityGlobals) = postSolution
		SolutionGuid = {60AB3B28-483D-49F8-8A8D-30C771829A9A}
	EndGlobalSection
EndGlobal
